// !$*UTF8*$!
{
	archiveVersion = 1;
	classes = {
	};
	objectVersion = 50;
	objects = {

/* Begin PBXBuildFile section */
		BB692AA021E98CBF00C2AC33 /* CSLogButton.swift in Sources */ = {isa = PBXBuildFile; fileRef = BB692A9F21E98CBF00C2AC33 /* CSLogButton.swift */; };
		BB692AA221E98DC700C2AC33 /* button-bg.png in Resources */ = {isa = PBXBuildFile; fileRef = BB692AA121E98DC700C2AC33 /* button-bg.png */; };
		BB692AA421E9929B00C2AC33 /* warning-icon-60@2x.png in Resources */ = {isa = PBXBuildFile; fileRef = BB692AA321E9929A00C2AC33 /* warning-icon-60@2x.png */; };
		BB692AA621E992A100C2AC33 /* memo-background@2x.png in Resources */ = {isa = PBXBuildFile; fileRef = BB692AA521E992A100C2AC33 /* memo-background@2x.png */; };
		BB692AAB21E9977300C2AC33 /* SWRevealViewController.m in Sources */ = {isa = PBXBuildFile; fileRef = BB692AA921E9977300C2AC33 /* SWRevealViewController.m */; };
		BB692AB421E997DC00C2AC33 /* icon06.png in Resources */ = {isa = PBXBuildFile; fileRef = BB692AAC21E997DB00C2AC33 /* icon06.png */; };
		BB692AB521E997DC00C2AC33 /* icon03.png in Resources */ = {isa = PBXBuildFile; fileRef = BB692AAD21E997DC00C2AC33 /* icon03.png */; };
		BB692AB621E997DC00C2AC33 /* icon04.png in Resources */ = {isa = PBXBuildFile; fileRef = BB692AAE21E997DC00C2AC33 /* icon04.png */; };
		BB692AB721E997DC00C2AC33 /* sidemenu.png in Resources */ = {isa = PBXBuildFile; fileRef = BB692AAF21E997DC00C2AC33 /* sidemenu.png */; };
		BB692AB821E997DC00C2AC33 /* icon01.png in Resources */ = {isa = PBXBuildFile; fileRef = BB692AB021E997DC00C2AC33 /* icon01.png */; };
		BB692AB921E997DC00C2AC33 /* icon02.png in Resources */ = {isa = PBXBuildFile; fileRef = BB692AB121E997DC00C2AC33 /* icon02.png */; };
		BB692ABA21E997DC00C2AC33 /* account@2x.jpg in Resources */ = {isa = PBXBuildFile; fileRef = BB692AB221E997DC00C2AC33 /* account@2x.jpg */; };
		BB692ABB21E997DC00C2AC33 /* icon05.png in Resources */ = {isa = PBXBuildFile; fileRef = BB692AB321E997DC00C2AC33 /* icon05.png */; };
		BB692ABD21E997EF00C2AC33 /* profile-bg.png in Resources */ = {isa = PBXBuildFile; fileRef = BB692ABC21E997EF00C2AC33 /* profile-bg.png */; };
		BB692ABF21E99F8300C2AC33 /* SideBarVC.swift in Sources */ = {isa = PBXBuildFile; fileRef = BB692ABE21E99F8300C2AC33 /* SideBarVC.swift */; };
		BB692AC121E9B8C400C2AC33 /* ProfileVC.swift in Sources */ = {isa = PBXBuildFile; fileRef = BB692AC021E9B8C400C2AC33 /* ProfileVC.swift */; };
		BBB633D421EC6C7000DA57C9 /* UserInfoManager.swift in Sources */ = {isa = PBXBuildFile; fileRef = BBB633D321EC6C7000DA57C9 /* UserInfoManager.swift */; };
		BBB633D621ED77AC00DA57C9 /* Tutorial.storyboard in Resources */ = {isa = PBXBuildFile; fileRef = BBB633D521ED77AC00DA57C9 /* Tutorial.storyboard */; };
		BBB633D921ED7BCD00DA57C9 /* Utils.swift in Sources */ = {isa = PBXBuildFile; fileRef = BBB633D821ED7BCD00DA57C9 /* Utils.swift */; };
		BBB633DE21ED7D1800DA57C9 /* TutorialContentsVC.swift in Sources */ = {isa = PBXBuildFile; fileRef = BBB633DD21ED7D1800DA57C9 /* TutorialContentsVC.swift */; };
		BBB633E021ED802300DA57C9 /* TutorialMasterVC.swift in Sources */ = {isa = PBXBuildFile; fileRef = BBB633DF21ED802300DA57C9 /* TutorialMasterVC.swift */; };
		BBF43F9921E84E65007BB0B0 /* cocoa.jpeg in Resources */ = {isa = PBXBuildFile; fileRef = BBF43F9821E84E65007BB0B0 /* cocoa.jpeg */; };
		BBFD977721E81E4A0037F596 /* AppDelegate.swift in Sources */ = {isa = PBXBuildFile; fileRef = BBFD977621E81E4A0037F596 /* AppDelegate.swift */; };
		BBFD977C21E81E4A0037F596 /* Main.storyboard in Resources */ = {isa = PBXBuildFile; fileRef = BBFD977A21E81E4A0037F596 /* Main.storyboard */; };
		BBFD977F21E81E4A0037F596 /* GMemo.xcdatamodeld in Sources */ = {isa = PBXBuildFile; fileRef = BBFD977D21E81E4A0037F596 /* GMemo.xcdatamodeld */; };
		BBFD978121E81E4B0037F596 /* Assets.xcassets in Resources */ = {isa = PBXBuildFile; fileRef = BBFD978021E81E4B0037F596 /* Assets.xcassets */; };
		BBFD978421E81E4B0037F596 /* LaunchScreen.storyboard in Resources */ = {isa = PBXBuildFile; fileRef = BBFD978221E81E4B0037F596 /* LaunchScreen.storyboard */; };
		BBFD978C21E82C3E0037F596 /* MemoListVC.swift in Sources */ = {isa = PBXBuildFile; fileRef = BBFD978B21E82C3E0037F596 /* MemoListVC.swift */; };
		BBFD978E21E82C5A0037F596 /* MemoFormVC.swift in Sources */ = {isa = PBXBuildFile; fileRef = BBFD978D21E82C5A0037F596 /* MemoFormVC.swift */; };
		BBFD979021E82C740037F596 /* MemoCell.swift in Sources */ = {isa = PBXBuildFile; fileRef = BBFD978F21E82C740037F596 /* MemoCell.swift */; };
		BBFD979221E82CD00037F596 /* MemoReadVC.swift in Sources */ = {isa = PBXBuildFile; fileRef = BBFD979121E82CD00037F596 /* MemoReadVC.swift */; };
		BBFD979421E82CEB0037F596 /* MemoData.swift in Sources */ = {isa = PBXBuildFile; fileRef = BBFD979321E82CEB0037F596 /* MemoData.swift */; };
/* End PBXBuildFile section */

/* Begin PBXFileReference section */
		BB692A9F21E98CBF00C2AC33 /* CSLogButton.swift */ = {isa = PBXFileReference; lastKnownFileType = sourcecode.swift; path = CSLogButton.swift; sourceTree = "<group>"; };
		BB692AA121E98DC700C2AC33 /* button-bg.png */ = {isa = PBXFileReference; lastKnownFileType = image.png; path = "button-bg.png"; sourceTree = "<group>"; };
		BB692AA321E9929A00C2AC33 /* warning-icon-60@2x.png */ = {isa = PBXFileReference; lastKnownFileType = image.png; path = "warning-icon-60@2x.png"; sourceTree = "<group>"; };
		BB692AA521E992A100C2AC33 /* memo-background@2x.png */ = {isa = PBXFileReference; lastKnownFileType = image.png; path = "memo-background@2x.png"; sourceTree = "<group>"; };
		BB692AA821E9977200C2AC33 /* GMemo-Bridging-Header.h */ = {isa = PBXFileReference; lastKnownFileType = sourcecode.c.h; path = "GMemo-Bridging-Header.h"; sourceTree = "<group>"; };
		BB692AA921E9977300C2AC33 /* SWRevealViewController.m */ = {isa = PBXFileReference; fileEncoding = 4; lastKnownFileType = sourcecode.c.objc; path = SWRevealViewController.m; sourceTree = "<group>"; };
		BB692AAA21E9977300C2AC33 /* SWRevealViewController.h */ = {isa = PBXFileReference; fileEncoding = 4; lastKnownFileType = sourcecode.c.h; path = SWRevealViewController.h; sourceTree = "<group>"; };
		BB692AAC21E997DB00C2AC33 /* icon06.png */ = {isa = PBXFileReference; lastKnownFileType = image.png; path = icon06.png; sourceTree = "<group>"; };
		BB692AAD21E997DC00C2AC33 /* icon03.png */ = {isa = PBXFileReference; lastKnownFileType = image.png; path = icon03.png; sourceTree = "<group>"; };
		BB692AAE21E997DC00C2AC33 /* icon04.png */ = {isa = PBXFileReference; lastKnownFileType = image.png; path = icon04.png; sourceTree = "<group>"; };
		BB692AAF21E997DC00C2AC33 /* sidemenu.png */ = {isa = PBXFileReference; lastKnownFileType = image.png; path = sidemenu.png; sourceTree = "<group>"; };
		BB692AB021E997DC00C2AC33 /* icon01.png */ = {isa = PBXFileReference; lastKnownFileType = image.png; path = icon01.png; sourceTree = "<group>"; };
		BB692AB121E997DC00C2AC33 /* icon02.png */ = {isa = PBXFileReference; lastKnownFileType = image.png; path = icon02.png; sourceTree = "<group>"; };
		BB692AB221E997DC00C2AC33 /* account@2x.jpg */ = {isa = PBXFileReference; lastKnownFileType = image.jpeg; path = "account@2x.jpg"; sourceTree = "<group>"; };
		BB692AB321E997DC00C2AC33 /* icon05.png */ = {isa = PBXFileReference; lastKnownFileType = image.png; path = icon05.png; sourceTree = "<group>"; };
		BB692ABC21E997EF00C2AC33 /* profile-bg.png */ = {isa = PBXFileReference; lastKnownFileType = image.png; path = "profile-bg.png"; sourceTree = "<group>"; };
		BB692ABE21E99F8300C2AC33 /* SideBarVC.swift */ = {isa = PBXFileReference; lastKnownFileType = sourcecode.swift; path = SideBarVC.swift; sourceTree = "<group>"; };
		BB692AC021E9B8C400C2AC33 /* ProfileVC.swift */ = {isa = PBXFileReference; lastKnownFileType = sourcecode.swift; path = ProfileVC.swift; sourceTree = "<group>"; };
		BBB633D321EC6C7000DA57C9 /* UserInfoManager.swift */ = {isa = PBXFileReference; lastKnownFileType = sourcecode.swift; path = UserInfoManager.swift; sourceTree = "<group>"; };
		BBB633D521ED77AC00DA57C9 /* Tutorial.storyboard */ = {isa = PBXFileReference; lastKnownFileType = file.storyboard; path = Tutorial.storyboard; sourceTree = "<group>"; };
		BBB633D821ED7BCD00DA57C9 /* Utils.swift */ = {isa = PBXFileReference; lastKnownFileType = sourcecode.swift; path = Utils.swift; sourceTree = "<group>"; };
		BBB633DD21ED7D1800DA57C9 /* TutorialContentsVC.swift */ = {isa = PBXFileReference; lastKnownFileType = sourcecode.swift; path = TutorialContentsVC.swift; sourceTree = "<group>"; };
		BBB633DF21ED802300DA57C9 /* TutorialMasterVC.swift */ = {isa = PBXFileReference; lastKnownFileType = sourcecode.swift; path = TutorialMasterVC.swift; sourceTree = "<group>"; };
		BBF43F9821E84E65007BB0B0 /* cocoa.jpeg */ = {isa = PBXFileReference; lastKnownFileType = image.jpeg; path = cocoa.jpeg; sourceTree = "<group>"; };
		BBFD977321E81E4A0037F596 /* GMemo.app */ = {isa = PBXFileReference; explicitFileType = wrapper.application; includeInIndex = 0; path = GMemo.app; sourceTree = BUILT_PRODUCTS_DIR; };
		BBFD977621E81E4A0037F596 /* AppDelegate.swift */ = {isa = PBXFileReference; lastKnownFileType = sourcecode.swift; path = AppDelegate.swift; sourceTree = "<group>"; };
		BBFD977B21E81E4A0037F596 /* Base */ = {isa = PBXFileReference; lastKnownFileType = file.storyboard; name = Base; path = Base.lproj/Main.storyboard; sourceTree = "<group>"; };
		BBFD977E21E81E4A0037F596 /* GMemo.xcdatamodel */ = {isa = PBXFileReference; lastKnownFileType = wrapper.xcdatamodel; path = GMemo.xcdatamodel; sourceTree = "<group>"; };
		BBFD978021E81E4B0037F596 /* Assets.xcassets */ = {isa = PBXFileReference; lastKnownFileType = folder.assetcatalog; path = Assets.xcassets; sourceTree = "<group>"; };
		BBFD978321E81E4B0037F596 /* Base */ = {isa = PBXFileReference; lastKnownFileType = file.storyboard; name = Base; path = Base.lproj/LaunchScreen.storyboard; sourceTree = "<group>"; };
		BBFD978521E81E4B0037F596 /* Info.plist */ = {isa = PBXFileReference; lastKnownFileType = text.plist.xml; path = Info.plist; sourceTree = "<group>"; };
		BBFD978B21E82C3E0037F596 /* MemoListVC.swift */ = {isa = PBXFileReference; lastKnownFileType = sourcecode.swift; path = MemoListVC.swift; sourceTree = "<group>"; };
		BBFD978D21E82C5A0037F596 /* MemoFormVC.swift */ = {isa = PBXFileReference; lastKnownFileType = sourcecode.swift; path = MemoFormVC.swift; sourceTree = "<group>"; };
		BBFD978F21E82C740037F596 /* MemoCell.swift */ = {isa = PBXFileReference; lastKnownFileType = sourcecode.swift; path = MemoCell.swift; sourceTree = "<group>"; };
		BBFD979121E82CD00037F596 /* MemoReadVC.swift */ = {isa = PBXFileReference; lastKnownFileType = sourcecode.swift; path = MemoReadVC.swift; sourceTree = "<group>"; };
		BBFD979321E82CEB0037F596 /* MemoData.swift */ = {isa = PBXFileReference; lastKnownFileType = sourcecode.swift; path = MemoData.swift; sourceTree = "<group>"; };
/* End PBXFileReference section */

/* Begin PBXFrameworksBuildPhase section */
		BBFD977021E81E4A0037F596 /* Frameworks */ = {
			isa = PBXFrameworksBuildPhase;
			buildActionMask = 2147483647;
			files = (
			);
			runOnlyForDeploymentPostprocessing = 0;
		};
/* End PBXFrameworksBuildPhase section */

/* Begin PBXGroup section */
		BBB633D721ED77B600DA57C9 /* StroyBoard */ = {
			isa = PBXGroup;
			children = (
				BBFD977A21E81E4A0037F596 /* Main.storyboard */,
				BBB633D521ED77AC00DA57C9 /* Tutorial.storyboard */,
			);
			path = StroyBoard;
			sourceTree = "<group>";
		};
		BBB633DC21ED7D0600DA57C9 /* Tutorial */ = {
			isa = PBXGroup;
			children = (
				BBB633DD21ED7D1800DA57C9 /* TutorialContentsVC.swift */,
				BBB633DF21ED802300DA57C9 /* TutorialMasterVC.swift */,
			);
			path = Tutorial;
			sourceTree = "<group>";
		};
		BBF43F9721E84E2C007BB0B0 /* Resource */ = {
			isa = PBXGroup;
			children = (
				BB692AB221E997DC00C2AC33 /* account@2x.jpg */,
				BB692AB021E997DC00C2AC33 /* icon01.png */,
				BB692AB121E997DC00C2AC33 /* icon02.png */,
				BB692AAD21E997DC00C2AC33 /* icon03.png */,
				BB692AAE21E997DC00C2AC33 /* icon04.png */,
				BB692AB321E997DC00C2AC33 /* icon05.png */,
				BB692AAC21E997DB00C2AC33 /* icon06.png */,
				BB692AAF21E997DC00C2AC33 /* sidemenu.png */,
				BB692AA121E98DC700C2AC33 /* button-bg.png */,
				BBF43F9821E84E65007BB0B0 /* cocoa.jpeg */,
				BB692AA521E992A100C2AC33 /* memo-background@2x.png */,
				BB692AA321E9929A00C2AC33 /* warning-icon-60@2x.png */,
				BB692ABC21E997EF00C2AC33 /* profile-bg.png */,
			);
			path = Resource;
			sourceTree = "<group>";
		};
		BBFD976A21E81E4A0037F596 = {
			isa = PBXGroup;
			children = (
				BBFD977521E81E4A0037F596 /* GMemo */,
				BBFD977421E81E4A0037F596 /* Products */,
			);
			sourceTree = "<group>";
		};
		BBFD977421E81E4A0037F596 /* Products */ = {
			isa = PBXGroup;
			children = (
				BBFD977321E81E4A0037F596 /* GMemo.app */,
			);
			name = Products;
			sourceTree = "<group>";
		};
		BBFD977521E81E4A0037F596 /* GMemo */ = {
			isa = PBXGroup;
			children = (
				BBB633DC21ED7D0600DA57C9 /* Tutorial */,
				BB692AAA21E9977300C2AC33 /* SWRevealViewController.h */,
				BB692AA921E9977300C2AC33 /* SWRevealViewController.m */,
				BB692AA821E9977200C2AC33 /* GMemo-Bridging-Header.h */,
				BBF43F9721E84E2C007BB0B0 /* Resource */,
				BBFD977621E81E4A0037F596 /* AppDelegate.swift */,
				BBB633D721ED77B600DA57C9 /* StroyBoard */,
				BBFD978021E81E4B0037F596 /* Assets.xcassets */,
				BBFD978221E81E4B0037F596 /* LaunchScreen.storyboard */,
				BBFD978521E81E4B0037F596 /* Info.plist */,
				BBFD977D21E81E4A0037F596 /* GMemo.xcdatamodeld */,
				BBFD979521E82D7B0037F596 /* Controller */,
				BBFD979321E82CEB0037F596 /* MemoData.swift */,
				BB692A9F21E98CBF00C2AC33 /* CSLogButton.swift */,
				BBB633D321EC6C7000DA57C9 /* UserInfoManager.swift */,
				BBB633D821ED7BCD00DA57C9 /* Utils.swift */,
			);
			path = GMemo;
			sourceTree = "<group>";
		};
		BBFD979521E82D7B0037F596 /* Controller */ = {
			isa = PBXGroup;
			children = (
				BBFD978B21E82C3E0037F596 /* MemoListVC.swift */,
				BBFD978D21E82C5A0037F596 /* MemoFormVC.swift */,
				BBFD978F21E82C740037F596 /* MemoCell.swift */,
				BBFD979121E82CD00037F596 /* MemoReadVC.swift */,
				BB692ABE21E99F8300C2AC33 /* SideBarVC.swift */,
				BB692AC021E9B8C400C2AC33 /* ProfileVC.swift */,
			);
			path = Controller;
			sourceTree = "<group>";
		};
/* End PBXGroup section */

/* Begin PBXNativeTarget section */
		BBFD977221E81E4A0037F596 /* GMemo */ = {
			isa = PBXNativeTarget;
			buildConfigurationList = BBFD978821E81E4B0037F596 /* Build configuration list for PBXNativeTarget "GMemo" */;
			buildPhases = (
				BBFD976F21E81E4A0037F596 /* Sources */,
				BBFD977021E81E4A0037F596 /* Frameworks */,
				BBFD977121E81E4A0037F596 /* Resources */,
			);
			buildRules = (
			);
			dependencies = (
			);
			name = GMemo;
			productName = GMemo;
			productReference = BBFD977321E81E4A0037F596 /* GMemo.app */;
			productType = "com.apple.product-type.application";
		};
/* End PBXNativeTarget section */

/* Begin PBXProject section */
		BBFD976B21E81E4A0037F596 /* Project object */ = {
			isa = PBXProject;
			attributes = {
				LastSwiftUpdateCheck = 1010;
				LastUpgradeCheck = 1010;
				ORGANIZATIONNAME = gunw;
				TargetAttributes = {
					BBFD977221E81E4A0037F596 = {
						CreatedOnToolsVersion = 10.1;
						LastSwiftMigration = 1010;
					};
				};
			};
			buildConfigurationList = BBFD976E21E81E4A0037F596 /* Build configuration list for PBXProject "GMemo" */;
			compatibilityVersion = "Xcode 9.3";
			developmentRegion = en;
			hasScannedForEncodings = 0;
			knownRegions = (
				en,
				Base,
			);
			mainGroup = BBFD976A21E81E4A0037F596;
			productRefGroup = BBFD977421E81E4A0037F596 /* Products */;
			projectDirPath = "";
			projectRoot = "";
			targets = (
				BBFD977221E81E4A0037F596 /* GMemo */,
			);
		};
/* End PBXProject section */

/* Begin PBXResourcesBuildPhase section */
		BBFD977121E81E4A0037F596 /* Resources */ = {
			isa = PBXResourcesBuildPhase;
			buildActionMask = 2147483647;
			files = (
				BB692AB921E997DC00C2AC33 /* icon02.png in Resources */,
				BB692AB721E997DC00C2AC33 /* sidemenu.png in Resources */,
				BB692AB521E997DC00C2AC33 /* icon03.png in Resources */,
				BB692AA621E992A100C2AC33 /* memo-background@2x.png in Resources */,
				BB692ABB21E997DC00C2AC33 /* icon05.png in Resources */,
				BBFD978421E81E4B0037F596 /* LaunchScreen.storyboard in Resources */,
				BB692AA221E98DC700C2AC33 /* button-bg.png in Resources */,
				BB692AB621E997DC00C2AC33 /* icon04.png in Resources */,
				BB692ABD21E997EF00C2AC33 /* profile-bg.png in Resources */,
				BBFD978121E81E4B0037F596 /* Assets.xcassets in Resources */,
				BB692AB421E997DC00C2AC33 /* icon06.png in Resources */,
				BBB633D621ED77AC00DA57C9 /* Tutorial.storyboard in Resources */,
				BBFD977C21E81E4A0037F596 /* Main.storyboard in Resources */,
				BB692AA421E9929B00C2AC33 /* warning-icon-60@2x.png in Resources */,
				BBF43F9921E84E65007BB0B0 /* cocoa.jpeg in Resources */,
				BB692ABA21E997DC00C2AC33 /* account@2x.jpg in Resources */,
				BB692AB821E997DC00C2AC33 /* icon01.png in Resources */,
			);
			runOnlyForDeploymentPostprocessing = 0;
		};
/* End PBXResourcesBuildPhase section */

/* Begin PBXSourcesBuildPhase section */
		BBFD976F21E81E4A0037F596 /* Sources */ = {
			isa = PBXSourcesBuildPhase;
			buildActionMask = 2147483647;
			files = (
				BB692AA021E98CBF00C2AC33 /* CSLogButton.swift in Sources */,
				BBFD978C21E82C3E0037F596 /* MemoListVC.swift in Sources */,
				BBB633D421EC6C7000DA57C9 /* UserInfoManager.swift in Sources */,
				BBFD979021E82C740037F596 /* MemoCell.swift in Sources */,
				BBFD979221E82CD00037F596 /* MemoReadVC.swift in Sources */,
				BBB633D921ED7BCD00DA57C9 /* Utils.swift in Sources */,
				BBFD979421E82CEB0037F596 /* MemoData.swift in Sources */,
				BB692ABF21E99F8300C2AC33 /* SideBarVC.swift in Sources */,
				BBB633DE21ED7D1800DA57C9 /* TutorialContentsVC.swift in Sources */,
				BB692AAB21E9977300C2AC33 /* SWRevealViewController.m in Sources */,
				BBFD977F21E81E4A0037F596 /* GMemo.xcdatamodeld in Sources */,
				BBFD978E21E82C5A0037F596 /* MemoFormVC.swift in Sources */,
				BBB633E021ED802300DA57C9 /* TutorialMasterVC.swift in Sources */,
				BB692AC121E9B8C400C2AC33 /* ProfileVC.swift in Sources */,
				BBFD977721E81E4A0037F596 /* AppDelegate.swift in Sources */,
			);
			runOnlyForDeploymentPostprocessing = 0;
		};
/* End PBXSourcesBuildPhase section */

/* Begin PBXVariantGroup section */
		BBFD977A21E81E4A0037F596 /* Main.storyboard */ = {
			isa = PBXVariantGroup;
			children = (
				BBFD977B21E81E4A0037F596 /* Base */,
			);
			name = Main.storyboard;
			sourceTree = "<group>";
		};
		BBFD978221E81E4B0037F596 /* LaunchScreen.storyboard */ = {
			isa = PBXVariantGroup;
			children = (
				BBFD978321E81E4B0037F596 /* Base */,
			);
			name = LaunchScreen.storyboard;
			sourceTree = "<group>";
		};
/* End PBXVariantGroup section */

/* Begin XCBuildConfiguration section */
		BBFD978621E81E4B0037F596 /* Debug */ = {
			isa = XCBuildConfiguration;
			buildSettings = {
				ALWAYS_SEARCH_USER_PATHS = NO;
				CLANG_ANALYZER_NONNULL = YES;
				CLANG_ANALYZER_NUMBER_OBJECT_CONVERSION = YES_AGGRESSIVE;
				CLANG_CXX_LANGUAGE_STANDARD = "gnu++14";
				CLANG_CXX_LIBRARY = "libc++";
				CLANG_ENABLE_MODULES = YES;
				CLANG_ENABLE_OBJC_ARC = YES;
				CLANG_ENABLE_OBJC_WEAK = YES;
				CLANG_WARN_BLOCK_CAPTURE_AUTORELEASING = YES;
				CLANG_WARN_BOOL_CONVERSION = YES;
				CLANG_WARN_COMMA = YES;
				CLANG_WARN_CONSTANT_CONVERSION = YES;
				CLANG_WARN_DEPRECATED_OBJC_IMPLEMENTATIONS = YES;
				CLANG_WARN_DIRECT_OBJC_ISA_USAGE = YES_ERROR;
				CLANG_WARN_DOCUMENTATION_COMMENTS = YES;
				CLANG_WARN_EMPTY_BODY = YES;
				CLANG_WARN_ENUM_CONVERSION = YES;
				CLANG_WARN_INFINITE_RECURSION = YES;
				CLANG_WARN_INT_CONVERSION = YES;
				CLANG_WARN_NON_LITERAL_NULL_CONVERSION = YES;
				CLANG_WARN_OBJC_IMPLICIT_RETAIN_SELF = YES;
				CLANG_WARN_OBJC_LITERAL_CONVERSION = YES;
				CLANG_WARN_OBJC_ROOT_CLASS = YES_ERROR;
				CLANG_WARN_RANGE_LOOP_ANALYSIS = YES;
				CLANG_WARN_STRICT_PROTOTYPES = YES;
				CLANG_WARN_SUSPICIOUS_MOVE = YES;
				CLANG_WARN_UNGUARDED_AVAILABILITY = YES_AGGRESSIVE;
				CLANG_WARN_UNREACHABLE_CODE = YES;
				CLANG_WARN__DUPLICATE_METHOD_MATCH = YES;
				CODE_SIGN_IDENTITY = "iPhone Developer";
				COPY_PHASE_STRIP = NO;
				DEBUG_INFORMATION_FORMAT = dwarf;
				ENABLE_STRICT_OBJC_MSGSEND = YES;
				ENABLE_TESTABILITY = YES;
				GCC_C_LANGUAGE_STANDARD = gnu11;
				GCC_DYNAMIC_NO_PIC = NO;
				GCC_NO_COMMON_BLOCKS = YES;
				GCC_OPTIMIZATION_LEVEL = 0;
				GCC_PREPROCESSOR_DEFINITIONS = (
					"DEBUG=1",
					"$(inherited)",
				);
				GCC_WARN_64_TO_32_BIT_CONVERSION = YES;
				GCC_WARN_ABOUT_RETURN_TYPE = YES_ERROR;
				GCC_WARN_UNDECLARED_SELECTOR = YES;
				GCC_WARN_UNINITIALIZED_AUTOS = YES_AGGRESSIVE;
				GCC_WARN_UNUSED_FUNCTION = YES;
				GCC_WARN_UNUSED_VARIABLE = YES;
				IPHONEOS_DEPLOYMENT_TARGET = 12.1;
				MTL_ENABLE_DEBUG_INFO = INCLUDE_SOURCE;
				MTL_FAST_MATH = YES;
				ONLY_ACTIVE_ARCH = YES;
				SDKROOT = iphoneos;
				SWIFT_ACTIVE_COMPILATION_CONDITIONS = DEBUG;
				SWIFT_OPTIMIZATION_LEVEL = "-Onone";
			};
			name = Debug;
		};
		BBFD978721E81E4B0037F596 /* Release */ = {
			isa = XCBuildConfiguration;
			buildSettings = {
				ALWAYS_SEARCH_USER_PATHS = NO;
				CLANG_ANALYZER_NONNULL = YES;
				CLANG_ANALYZER_NUMBER_OBJECT_CONVERSION = YES_AGGRESSIVE;
				CLANG_CXX_LANGUAGE_STANDARD = "gnu++14";
				CLANG_CXX_LIBRARY = "libc++";
				CLANG_ENABLE_MODULES = YES;
				CLANG_ENABLE_OBJC_ARC = YES;
				CLANG_ENABLE_OBJC_WEAK = YES;
				CLANG_WARN_BLOCK_CAPTURE_AUTORELEASING = YES;
				CLANG_WARN_BOOL_CONVERSION = YES;
				CLANG_WARN_COMMA = YES;
				CLANG_WARN_CONSTANT_CONVERSION = YES;
				CLANG_WARN_DEPRECATED_OBJC_IMPLEMENTATIONS = YES;
				CLANG_WARN_DIRECT_OBJC_ISA_USAGE = YES_ERROR;
				CLANG_WARN_DOCUMENTATION_COMMENTS = YES;
				CLANG_WARN_EMPTY_BODY = YES;
				CLANG_WARN_ENUM_CONVERSION = YES;
				CLANG_WARN_INFINITE_RECURSION = YES;
				CLANG_WARN_INT_CONVERSION = YES;
				CLANG_WARN_NON_LITERAL_NULL_CONVERSION = YES;
				CLANG_WARN_OBJC_IMPLICIT_RETAIN_SELF = YES;
				CLANG_WARN_OBJC_LITERAL_CONVERSION = YES;
				CLANG_WARN_OBJC_ROOT_CLASS = YES_ERROR;
				CLANG_WARN_RANGE_LOOP_ANALYSIS = YES;
				CLANG_WARN_STRICT_PROTOTYPES = YES;
				CLANG_WARN_SUSPICIOUS_MOVE = YES;
				CLANG_WARN_UNGUARDED_AVAILABILITY = YES_AGGRESSIVE;
				CLANG_WARN_UNREACHABLE_CODE = YES;
				CLANG_WARN__DUPLICATE_METHOD_MATCH = YES;
				CODE_SIGN_IDENTITY = "iPhone Developer";
				COPY_PHASE_STRIP = NO;
				DEBUG_INFORMATION_FORMAT = "dwarf-with-dsym";
				ENABLE_NS_ASSERTIONS = NO;
				ENABLE_STRICT_OBJC_MSGSEND = YES;
				GCC_C_LANGUAGE_STANDARD = gnu11;
				GCC_NO_COMMON_BLOCKS = YES;
				GCC_WARN_64_TO_32_BIT_CONVERSION = YES;
				GCC_WARN_ABOUT_RETURN_TYPE = YES_ERROR;
				GCC_WARN_UNDECLARED_SELECTOR = YES;
				GCC_WARN_UNINITIALIZED_AUTOS = YES_AGGRESSIVE;
				GCC_WARN_UNUSED_FUNCTION = YES;
				GCC_WARN_UNUSED_VARIABLE = YES;
				IPHONEOS_DEPLOYMENT_TARGET = 12.1;
				MTL_ENABLE_DEBUG_INFO = NO;
				MTL_FAST_MATH = YES;
				SDKROOT = iphoneos;
				SWIFT_COMPILATION_MODE = wholemodule;
				SWIFT_OPTIMIZATION_LEVEL = "-O";
				VALIDATE_PRODUCT = YES;
			};
			name = Release;
		};
		BBFD978921E81E4B0037F596 /* Debug */ = {
			isa = XCBuildConfiguration;
			buildSettings = {
				ASSETCATALOG_COMPILER_APPICON_NAME = AppIcon;
				CLANG_ENABLE_MODULES = YES;
				CODE_SIGN_STYLE = Automatic;
				DEVELOPMENT_TEAM = 8M6N9923S8;
				INFOPLIST_FILE = GMemo/Info.plist;
				LD_RUNPATH_SEARCH_PATHS = (
					"$(inherited)",
					"@executable_path/Frameworks",
				);
				PRODUCT_BUNDLE_IDENTIFIER = proj.gunw.GMemo;
				PRODUCT_NAME = "$(TARGET_NAME)";
				SWIFT_OBJC_BRIDGING_HEADER = "GMemo/GMemo-Bridging-Header.h";
				SWIFT_OPTIMIZATION_LEVEL = "-Onone";
				SWIFT_VERSION = 4.2;
				TARGETED_DEVICE_FAMILY = 1;
			};
			name = Debug;
		};
		BBFD978A21E81E4B0037F596 /* Release */ = {
			isa = XCBuildConfiguration;
			buildSettings = {
				ASSETCATALOG_COMPILER_APPICON_NAME = AppIcon;
				CLANG_ENABLE_MODULES = YES;
				CODE_SIGN_STYLE = Automatic;
				DEVELOPMENT_TEAM = 8M6N9923S8;
				INFOPLIST_FILE = GMemo/Info.plist;
				LD_RUNPATH_SEARCH_PATHS = (
					"$(inherited)",
					"@executable_path/Frameworks",
				);
				PRODUCT_BUNDLE_IDENTIFIER = proj.gunw.GMemo;
				PRODUCT_NAME = "$(TARGET_NAME)";
				SWIFT_OBJC_BRIDGING_HEADER = "GMemo/GMemo-Bridging-Header.h";
				SWIFT_VERSION = 4.2;
				TARGETED_DEVICE_FAMILY = 1;
			};
			name = Release;
		};
/* End XCBuildConfiguration section */

/* Begin XCConfigurationList section */
		BBFD976E21E81E4A0037F596 /* Build configuration list for PBXProject "GMemo" */ = {
			isa = XCConfigurationList;
			buildConfigurations = (
				BBFD978621E81E4B0037F596 /* Debug */,
				BBFD978721E81E4B0037F596 /* Release */,
			);
			defaultConfigurationIsVisible = 0;
			defaultConfigurationName = Release;
		};
		BBFD978821E81E4B0037F596 /* Build configuration list for PBXNativeTarget "GMemo" */ = {
			isa = XCConfigurationList;
			buildConfigurations = (
				BBFD978921E81E4B0037F596 /* Debug */,
				BBFD978A21E81E4B0037F596 /* Release */,
			);
			defaultConfigurationIsVisible = 0;
			defaultConfigurationName = Release;
		};
/* End XCConfigurationList section */

/* Begin XCVersionGroup section */
		BBFD977D21E81E4A0037F596 /* GMemo.xcdatamodeld */ = {
			isa = XCVersionGroup;
			children = (
				BBFD977E21E81E4A0037F596 /* GMemo.xcdatamodel */,
			);
			currentVersion = BBFD977E21E81E4A0037F596 /* GMemo.xcdatamodel */;
			path = GMemo.xcdatamodeld;
			sourceTree = "<group>";
			versionGroupType = wrapper.xcdatamodel;
		};
/* End XCVersionGroup section */
	};
	rootObject = BBFD976B21E81E4A0037F596 /* Project object */;
}
