// !$*UTF8*$!
{
	archiveVersion = 1;
	classes = {
	};
	objectVersion = 50;
	objects = {

/* Begin PBXBuildFile section */
		BBFDDC5A21F58DC900679748 /* AppDelegate.swift in Sources */ = {isa = PBXBuildFile; fileRef = BBFDDC5921F58DC900679748 /* AppDelegate.swift */; };
		BBFDDC5F21F58DC900679748 /* Main.storyboard in Resources */ = {isa = PBXBuildFile; fileRef = BBFDDC5D21F58DC900679748 /* Main.storyboard */; };
		BBFDDC6121F58DCA00679748 /* Assets.xcassets in Resources */ = {isa = PBXBuildFile; fileRef = BBFDDC6021F58DCA00679748 /* Assets.xcassets */; };
		BBFDDC6421F58DCA00679748 /* LaunchScreen.storyboard in Resources */ = {isa = PBXBuildFile; fileRef = BBFDDC6221F58DCA00679748 /* LaunchScreen.storyboard */; };
		BBFDDC6C21F58E0100679748 /* TodoViewController.swift in Sources */ = {isa = PBXBuildFile; fileRef = BBFDDC6B21F58E0100679748 /* TodoViewController.swift */; };
		BBFDDC6E21F58E1500679748 /* TodosTableViewController.swift in Sources */ = {isa = PBXBuildFile; fileRef = BBFDDC6D21F58E1500679748 /* TodosTableViewController.swift */; };
		BBFDDC7021F5918000679748 /* Todo.swift in Sources */ = {isa = PBXBuildFile; fileRef = BBFDDC6F21F5918000679748 /* Todo.swift */; };
/* End PBXBuildFile section */

/* Begin PBXFileReference section */
		BBFDDC5621F58DC900679748 /* GTodo.app */ = {isa = PBXFileReference; explicitFileType = wrapper.application; includeInIndex = 0; path = GTodo.app; sourceTree = BUILT_PRODUCTS_DIR; };
		BBFDDC5921F58DC900679748 /* AppDelegate.swift */ = {isa = PBXFileReference; lastKnownFileType = sourcecode.swift; path = AppDelegate.swift; sourceTree = "<group>"; };
		BBFDDC5E21F58DC900679748 /* Base */ = {isa = PBXFileReference; lastKnownFileType = file.storyboard; name = Base; path = Base.lproj/Main.storyboard; sourceTree = "<group>"; };
		BBFDDC6021F58DCA00679748 /* Assets.xcassets */ = {isa = PBXFileReference; lastKnownFileType = folder.assetcatalog; path = Assets.xcassets; sourceTree = "<group>"; };
		BBFDDC6321F58DCA00679748 /* Base */ = {isa = PBXFileReference; lastKnownFileType = file.storyboard; name = Base; path = Base.lproj/LaunchScreen.storyboard; sourceTree = "<group>"; };
		BBFDDC6521F58DCA00679748 /* Info.plist */ = {isa = PBXFileReference; lastKnownFileType = text.plist.xml; path = Info.plist; sourceTree = "<group>"; };
		BBFDDC6B21F58E0100679748 /* TodoViewController.swift */ = {isa = PBXFileReference; lastKnownFileType = sourcecode.swift; path = TodoViewController.swift; sourceTree = "<group>"; };
		BBFDDC6D21F58E1500679748 /* TodosTableViewController.swift */ = {isa = PBXFileReference; lastKnownFileType = sourcecode.swift; path = TodosTableViewController.swift; sourceTree = "<group>"; };
		BBFDDC6F21F5918000679748 /* Todo.swift */ = {isa = PBXFileReference; lastKnownFileType = sourcecode.swift; path = Todo.swift; sourceTree = "<group>"; };
/* End PBXFileReference section */

/* Begin PBXFrameworksBuildPhase section */
		BBFDDC5321F58DC900679748 /* Frameworks */ = {
			isa = PBXFrameworksBuildPhase;
			buildActionMask = 2147483647;
			files = (
			);
			runOnlyForDeploymentPostprocessing = 0;
		};
/* End PBXFrameworksBuildPhase section */

/* Begin PBXGroup section */
		BBFDDC4D21F58DC900679748 = {
			isa = PBXGroup;
			children = (
				BBFDDC5821F58DC900679748 /* GTodo */,
				BBFDDC5721F58DC900679748 /* Products */,
			);
			sourceTree = "<group>";
		};
		BBFDDC5721F58DC900679748 /* Products */ = {
			isa = PBXGroup;
			children = (
				BBFDDC5621F58DC900679748 /* GTodo.app */,
			);
			name = Products;
			sourceTree = "<group>";
		};
		BBFDDC5821F58DC900679748 /* GTodo */ = {
			isa = PBXGroup;
			children = (
				BBFDDC5921F58DC900679748 /* AppDelegate.swift */,
				BBFDDC5D21F58DC900679748 /* Main.storyboard */,
				BBFDDC6021F58DCA00679748 /* Assets.xcassets */,
				BBFDDC6221F58DCA00679748 /* LaunchScreen.storyboard */,
				BBFDDC6521F58DCA00679748 /* Info.plist */,
				BBFDDC6B21F58E0100679748 /* TodoViewController.swift */,
				BBFDDC6D21F58E1500679748 /* TodosTableViewController.swift */,
				BBFDDC6F21F5918000679748 /* Todo.swift */,
			);
			path = GTodo;
			sourceTree = "<group>";
		};
/* End PBXGroup section */

/* Begin PBXNativeTarget section */
		BBFDDC5521F58DC900679748 /* GTodo */ = {
			isa = PBXNativeTarget;
			buildConfigurationList = BBFDDC6821F58DCA00679748 /* Build configuration list for PBXNativeTarget "GTodo" */;
			buildPhases = (
				BBFDDC5221F58DC900679748 /* Sources */,
				BBFDDC5321F58DC900679748 /* Frameworks */,
				BBFDDC5421F58DC900679748 /* Resources */,
			);
			buildRules = (
			);
			dependencies = (
			);
			name = GTodo;
			productName = GTodo;
			productReference = BBFDDC5621F58DC900679748 /* GTodo.app */;
			productType = "com.apple.product-type.application";
		};
/* End PBXNativeTarget section */

/* Begin PBXProject section */
		BBFDDC4E21F58DC900679748 /* Project object */ = {
			isa = PBXProject;
			attributes = {
				LastSwiftUpdateCheck = 1010;
				LastUpgradeCheck = 1010;
				ORGANIZATIONNAME = gunw;
				TargetAttributes = {
					BBFDDC5521F58DC900679748 = {
						CreatedOnToolsVersion = 10.1;
					};
				};
			};
			buildConfigurationList = BBFDDC5121F58DC900679748 /* Build configuration list for PBXProject "GTodo" */;
			compatibilityVersion = "Xcode 9.3";
			developmentRegion = en;
			hasScannedForEncodings = 0;
			knownRegions = (
				en,
				Base,
			);
			mainGroup = BBFDDC4D21F58DC900679748;
			productRefGroup = BBFDDC5721F58DC900679748 /* Products */;
			projectDirPath = "";
			projectRoot = "";
			targets = (
				BBFDDC5521F58DC900679748 /* GTodo */,
			);
		};
/* End PBXProject section */

/* Begin PBXResourcesBuildPhase section */
		BBFDDC5421F58DC900679748 /* Resources */ = {
			isa = PBXResourcesBuildPhase;
			buildActionMask = 2147483647;
			files = (
				BBFDDC6421F58DCA00679748 /* LaunchScreen.storyboard in Resources */,
				BBFDDC6121F58DCA00679748 /* Assets.xcassets in Resources */,
				BBFDDC5F21F58DC900679748 /* Main.storyboard in Resources */,
			);
			runOnlyForDeploymentPostprocessing = 0;
		};
/* End PBXResourcesBuildPhase section */

/* Begin PBXSourcesBuildPhase section */
		BBFDDC5221F58DC900679748 /* Sources */ = {
			isa = PBXSourcesBuildPhase;
			buildActionMask = 2147483647;
			files = (
				BBFDDC6C21F58E0100679748 /* TodoViewController.swift in Sources */,
				BBFDDC5A21F58DC900679748 /* AppDelegate.swift in Sources */,
				BBFDDC6E21F58E1500679748 /* TodosTableViewController.swift in Sources */,
				BBFDDC7021F5918000679748 /* Todo.swift in Sources */,
			);
			runOnlyForDeploymentPostprocessing = 0;
		};
/* End PBXSourcesBuildPhase section */

/* Begin PBXVariantGroup section */
		BBFDDC5D21F58DC900679748 /* Main.storyboard */ = {
			isa = PBXVariantGroup;
			children = (
				BBFDDC5E21F58DC900679748 /* Base */,
			);
			name = Main.storyboard;
			sourceTree = "<group>";
		};
		BBFDDC6221F58DCA00679748 /* LaunchScreen.storyboard */ = {
			isa = PBXVariantGroup;
			children = (
				BBFDDC6321F58DCA00679748 /* Base */,
			);
			name = LaunchScreen.storyboard;
			sourceTree = "<group>";
		};
/* End PBXVariantGroup section */

/* Begin XCBuildConfiguration section */
		BBFDDC6621F58DCA00679748 /* Debug */ = {
			isa = XCBuildConfiguration;
			buildSettings = {
				ALWAYS_SEARCH_USER_PATHS = NO;
				CLANG_ANALYZER_NONNULL = YES;
				CLANG_ANALYZER_NUMBER_OBJECT_CONVERSION = YES_AGGRESSIVE;
				CLANG_CXX_LANGUAGE_STANDARD = "gnu++14";
				CLANG_CXX_LIBRARY = "libc++";
				CLANG_ENABLE_MODULES = YES;
				CLANG_ENABLE_OBJC_ARC = YES;
				CLANG_ENABLE_OBJC_WEAK = YES;
				CLANG_WARN_BLOCK_CAPTURE_AUTORELEASING = YES;
				CLANG_WARN_BOOL_CONVERSION = YES;
				CLANG_WARN_COMMA = YES;
				CLANG_WARN_CONSTANT_CONVERSION = YES;
				CLANG_WARN_DEPRECATED_OBJC_IMPLEMENTATIONS = YES;
				CLANG_WARN_DIRECT_OBJC_ISA_USAGE = YES_ERROR;
				CLANG_WARN_DOCUMENTATION_COMMENTS = YES;
				CLANG_WARN_EMPTY_BODY = YES;
				CLANG_WARN_ENUM_CONVERSION = YES;
				CLANG_WARN_INFINITE_RECURSION = YES;
				CLANG_WARN_INT_CONVERSION = YES;
				CLANG_WARN_NON_LITERAL_NULL_CONVERSION = YES;
				CLANG_WARN_OBJC_IMPLICIT_RETAIN_SELF = YES;
				CLANG_WARN_OBJC_LITERAL_CONVERSION = YES;
				CLANG_WARN_OBJC_ROOT_CLASS = YES_ERROR;
				CLANG_WARN_RANGE_LOOP_ANALYSIS = YES;
				CLANG_WARN_STRICT_PROTOTYPES = YES;
				CLANG_WARN_SUSPICIOUS_MOVE = YES;
				CLANG_WARN_UNGUARDED_AVAILABILITY = YES_AGGRESSIVE;
				CLANG_WARN_UNREACHABLE_CODE = YES;
				CLANG_WARN__DUPLICATE_METHOD_MATCH = YES;
				CODE_SIGN_IDENTITY = "iPhone Developer";
				COPY_PHASE_STRIP = NO;
				DEBUG_INFORMATION_FORMAT = dwarf;
				ENABLE_STRICT_OBJC_MSGSEND = YES;
				ENABLE_TESTABILITY = YES;
				GCC_C_LANGUAGE_STANDARD = gnu11;
				GCC_DYNAMIC_NO_PIC = NO;
				GCC_NO_COMMON_BLOCKS = YES;
				GCC_OPTIMIZATION_LEVEL = 0;
				GCC_PREPROCESSOR_DEFINITIONS = (
					"DEBUG=1",
					"$(inherited)",
				);
				GCC_WARN_64_TO_32_BIT_CONVERSION = YES;
				GCC_WARN_ABOUT_RETURN_TYPE = YES_ERROR;
				GCC_WARN_UNDECLARED_SELECTOR = YES;
				GCC_WARN_UNINITIALIZED_AUTOS = YES_AGGRESSIVE;
				GCC_WARN_UNUSED_FUNCTION = YES;
				GCC_WARN_UNUSED_VARIABLE = YES;
				IPHONEOS_DEPLOYMENT_TARGET = 12.1;
				MTL_ENABLE_DEBUG_INFO = INCLUDE_SOURCE;
				MTL_FAST_MATH = YES;
				ONLY_ACTIVE_ARCH = YES;
				SDKROOT = iphoneos;
				SWIFT_ACTIVE_COMPILATION_CONDITIONS = DEBUG;
				SWIFT_OPTIMIZATION_LEVEL = "-Onone";
			};
			name = Debug;
		};
		BBFDDC6721F58DCA00679748 /* Release */ = {
			isa = XCBuildConfiguration;
			buildSettings = {
				ALWAYS_SEARCH_USER_PATHS = NO;
				CLANG_ANALYZER_NONNULL = YES;
				CLANG_ANALYZER_NUMBER_OBJECT_CONVERSION = YES_AGGRESSIVE;
				CLANG_CXX_LANGUAGE_STANDARD = "gnu++14";
				CLANG_CXX_LIBRARY = "libc++";
				CLANG_ENABLE_MODULES = YES;
				CLANG_ENABLE_OBJC_ARC = YES;
				CLANG_ENABLE_OBJC_WEAK = YES;
				CLANG_WARN_BLOCK_CAPTURE_AUTORELEASING = YES;
				CLANG_WARN_BOOL_CONVERSION = YES;
				CLANG_WARN_COMMA = YES;
				CLANG_WARN_CONSTANT_CONVERSION = YES;
				CLANG_WARN_DEPRECATED_OBJC_IMPLEMENTATIONS = YES;
				CLANG_WARN_DIRECT_OBJC_ISA_USAGE = YES_ERROR;
				CLANG_WARN_DOCUMENTATION_COMMENTS = YES;
				CLANG_WARN_EMPTY_BODY = YES;
				CLANG_WARN_ENUM_CONVERSION = YES;
				CLANG_WARN_INFINITE_RECURSION = YES;
				CLANG_WARN_INT_CONVERSION = YES;
				CLANG_WARN_NON_LITERAL_NULL_CONVERSION = YES;
				CLANG_WARN_OBJC_IMPLICIT_RETAIN_SELF = YES;
				CLANG_WARN_OBJC_LITERAL_CONVERSION = YES;
				CLANG_WARN_OBJC_ROOT_CLASS = YES_ERROR;
				CLANG_WARN_RANGE_LOOP_ANALYSIS = YES;
				CLANG_WARN_STRICT_PROTOTYPES = YES;
				CLANG_WARN_SUSPICIOUS_MOVE = YES;
				CLANG_WARN_UNGUARDED_AVAILABILITY = YES_AGGRESSIVE;
				CLANG_WARN_UNREACHABLE_CODE = YES;
				CLANG_WARN__DUPLICATE_METHOD_MATCH = YES;
				CODE_SIGN_IDENTITY = "iPhone Developer";
				COPY_PHASE_STRIP = NO;
				DEBUG_INFORMATION_FORMAT = "dwarf-with-dsym";
				ENABLE_NS_ASSERTIONS = NO;
				ENABLE_STRICT_OBJC_MSGSEND = YES;
				GCC_C_LANGUAGE_STANDARD = gnu11;
				GCC_NO_COMMON_BLOCKS = YES;
				GCC_WARN_64_TO_32_BIT_CONVERSION = YES;
				GCC_WARN_ABOUT_RETURN_TYPE = YES_ERROR;
				GCC_WARN_UNDECLARED_SELECTOR = YES;
				GCC_WARN_UNINITIALIZED_AUTOS = YES_AGGRESSIVE;
				GCC_WARN_UNUSED_FUNCTION = YES;
				GCC_WARN_UNUSED_VARIABLE = YES;
				IPHONEOS_DEPLOYMENT_TARGET = 12.1;
				MTL_ENABLE_DEBUG_INFO = NO;
				MTL_FAST_MATH = YES;
				SDKROOT = iphoneos;
				SWIFT_COMPILATION_MODE = wholemodule;
				SWIFT_OPTIMIZATION_LEVEL = "-O";
				VALIDATE_PRODUCT = YES;
			};
			name = Release;
		};
		BBFDDC6921F58DCA00679748 /* Debug */ = {
			isa = XCBuildConfiguration;
			buildSettings = {
				ASSETCATALOG_COMPILER_APPICON_NAME = AppIcon;
				CODE_SIGN_STYLE = Automatic;
				DEVELOPMENT_TEAM = 8M6N9923S8;
				INFOPLIST_FILE = GTodo/Info.plist;
				LD_RUNPATH_SEARCH_PATHS = (
					"$(inherited)",
					"@executable_path/Frameworks",
				);
				PRODUCT_BUNDLE_IDENTIFIER = proj.gunw.GTodo;
				PRODUCT_NAME = "$(TARGET_NAME)";
				SWIFT_VERSION = 4.2;
				TARGETED_DEVICE_FAMILY = "1,2";
			};
			name = Debug;
		};
		BBFDDC6A21F58DCA00679748 /* Release */ = {
			isa = XCBuildConfiguration;
			buildSettings = {
				ASSETCATALOG_COMPILER_APPICON_NAME = AppIcon;
				CODE_SIGN_STYLE = Automatic;
				DEVELOPMENT_TEAM = 8M6N9923S8;
				INFOPLIST_FILE = GTodo/Info.plist;
				LD_RUNPATH_SEARCH_PATHS = (
					"$(inherited)",
					"@executable_path/Frameworks",
				);
				PRODUCT_BUNDLE_IDENTIFIER = proj.gunw.GTodo;
				PRODUCT_NAME = "$(TARGET_NAME)";
				SWIFT_VERSION = 4.2;
				TARGETED_DEVICE_FAMILY = "1,2";
			};
			name = Release;
		};
/* End XCBuildConfiguration section */

/* Begin XCConfigurationList section */
		BBFDDC5121F58DC900679748 /* Build configuration list for PBXProject "GTodo" */ = {
			isa = XCConfigurationList;
			buildConfigurations = (
				BBFDDC6621F58DCA00679748 /* Debug */,
				BBFDDC6721F58DCA00679748 /* Release */,
			);
			defaultConfigurationIsVisible = 0;
			defaultConfigurationName = Release;
		};
		BBFDDC6821F58DCA00679748 /* Build configuration list for PBXNativeTarget "GTodo" */ = {
			isa = XCConfigurationList;
			buildConfigurations = (
				BBFDDC6921F58DCA00679748 /* Debug */,
				BBFDDC6A21F58DCA00679748 /* Release */,
			);
			defaultConfigurationIsVisible = 0;
			defaultConfigurationName = Release;
		};
/* End XCConfigurationList section */
	};
	rootObject = BBFDDC4E21F58DC900679748 /* Project object */;
}
