// !$*UTF8*$!
{
	archiveVersion = 1;
	classes = {
	};
	objectVersion = 50;
	objects = {

/* Begin PBXBuildFile section */
		BB00092C21F31AF1007F37C7 /* AppDelegate.swift in Sources */ = {isa = PBXBuildFile; fileRef = BB00092B21F31AF1007F37C7 /* AppDelegate.swift */; };
		BB00093121F31AF1007F37C7 /* Main.storyboard in Resources */ = {isa = PBXBuildFile; fileRef = BB00092F21F31AF1007F37C7 /* Main.storyboard */; };
		BB00093321F31AF2007F37C7 /* Assets.xcassets in Resources */ = {isa = PBXBuildFile; fileRef = BB00093221F31AF2007F37C7 /* Assets.xcassets */; };
		BB00093621F31AF2007F37C7 /* LaunchScreen.storyboard in Resources */ = {isa = PBXBuildFile; fileRef = BB00093421F31AF2007F37C7 /* LaunchScreen.storyboard */; };
		BB00093E21F31E89007F37C7 /* LoginVC.swift in Sources */ = {isa = PBXBuildFile; fileRef = BB00093D21F31E89007F37C7 /* LoginVC.swift */; };
		BB00094021F31E92007F37C7 /* InfoVC.swift in Sources */ = {isa = PBXBuildFile; fileRef = BB00093F21F31E92007F37C7 /* InfoVC.swift */; };
		BB00094221F31F8E007F37C7 /* LoginInfo.swift in Sources */ = {isa = PBXBuildFile; fileRef = BB00094121F31F8E007F37C7 /* LoginInfo.swift */; };
/* End PBXBuildFile section */

/* Begin PBXFileReference section */
		BB00092821F31AF1007F37C7 /* GLoginInfo.app */ = {isa = PBXFileReference; explicitFileType = wrapper.application; includeInIndex = 0; path = GLoginInfo.app; sourceTree = BUILT_PRODUCTS_DIR; };
		BB00092B21F31AF1007F37C7 /* AppDelegate.swift */ = {isa = PBXFileReference; lastKnownFileType = sourcecode.swift; path = AppDelegate.swift; sourceTree = "<group>"; };
		BB00093021F31AF1007F37C7 /* Base */ = {isa = PBXFileReference; lastKnownFileType = file.storyboard; name = Base; path = Base.lproj/Main.storyboard; sourceTree = "<group>"; };
		BB00093221F31AF2007F37C7 /* Assets.xcassets */ = {isa = PBXFileReference; lastKnownFileType = folder.assetcatalog; path = Assets.xcassets; sourceTree = "<group>"; };
		BB00093521F31AF2007F37C7 /* Base */ = {isa = PBXFileReference; lastKnownFileType = file.storyboard; name = Base; path = Base.lproj/LaunchScreen.storyboard; sourceTree = "<group>"; };
		BB00093721F31AF2007F37C7 /* Info.plist */ = {isa = PBXFileReference; lastKnownFileType = text.plist.xml; path = Info.plist; sourceTree = "<group>"; };
		BB00093D21F31E89007F37C7 /* LoginVC.swift */ = {isa = PBXFileReference; lastKnownFileType = sourcecode.swift; path = LoginVC.swift; sourceTree = "<group>"; };
		BB00093F21F31E92007F37C7 /* InfoVC.swift */ = {isa = PBXFileReference; lastKnownFileType = sourcecode.swift; path = InfoVC.swift; sourceTree = "<group>"; };
		BB00094121F31F8E007F37C7 /* LoginInfo.swift */ = {isa = PBXFileReference; lastKnownFileType = sourcecode.swift; path = LoginInfo.swift; sourceTree = "<group>"; };
/* End PBXFileReference section */

/* Begin PBXFrameworksBuildPhase section */
		BB00092521F31AF1007F37C7 /* Frameworks */ = {
			isa = PBXFrameworksBuildPhase;
			buildActionMask = 2147483647;
			files = (
			);
			runOnlyForDeploymentPostprocessing = 0;
		};
/* End PBXFrameworksBuildPhase section */

/* Begin PBXGroup section */
		BB00091F21F31AF0007F37C7 = {
			isa = PBXGroup;
			children = (
				BB00092A21F31AF1007F37C7 /* GLoginInfo */,
				BB00092921F31AF1007F37C7 /* Products */,
			);
			sourceTree = "<group>";
		};
		BB00092921F31AF1007F37C7 /* Products */ = {
			isa = PBXGroup;
			children = (
				BB00092821F31AF1007F37C7 /* GLoginInfo.app */,
			);
			name = Products;
			sourceTree = "<group>";
		};
		BB00092A21F31AF1007F37C7 /* GLoginInfo */ = {
			isa = PBXGroup;
			children = (
				BB00092B21F31AF1007F37C7 /* AppDelegate.swift */,
				BB00092F21F31AF1007F37C7 /* Main.storyboard */,
				BB00093221F31AF2007F37C7 /* Assets.xcassets */,
				BB00093421F31AF2007F37C7 /* LaunchScreen.storyboard */,
				BB00093721F31AF2007F37C7 /* Info.plist */,
				BB00093D21F31E89007F37C7 /* LoginVC.swift */,
				BB00093F21F31E92007F37C7 /* InfoVC.swift */,
				BB00094121F31F8E007F37C7 /* LoginInfo.swift */,
			);
			path = GLoginInfo;
			sourceTree = "<group>";
		};
/* End PBXGroup section */

/* Begin PBXNativeTarget section */
		BB00092721F31AF1007F37C7 /* GLoginInfo */ = {
			isa = PBXNativeTarget;
			buildConfigurationList = BB00093A21F31AF2007F37C7 /* Build configuration list for PBXNativeTarget "GLoginInfo" */;
			buildPhases = (
				BB00092421F31AF1007F37C7 /* Sources */,
				BB00092521F31AF1007F37C7 /* Frameworks */,
				BB00092621F31AF1007F37C7 /* Resources */,
			);
			buildRules = (
			);
			dependencies = (
			);
			name = GLoginInfo;
			productName = GLoginInfo;
			productReference = BB00092821F31AF1007F37C7 /* GLoginInfo.app */;
			productType = "com.apple.product-type.application";
		};
/* End PBXNativeTarget section */

/* Begin PBXProject section */
		BB00092021F31AF1007F37C7 /* Project object */ = {
			isa = PBXProject;
			attributes = {
				LastSwiftUpdateCheck = 1010;
				LastUpgradeCheck = 1010;
				ORGANIZATIONNAME = gunw;
				TargetAttributes = {
					BB00092721F31AF1007F37C7 = {
						CreatedOnToolsVersion = 10.1;
					};
				};
			};
			buildConfigurationList = BB00092321F31AF1007F37C7 /* Build configuration list for PBXProject "GLoginInfo" */;
			compatibilityVersion = "Xcode 9.3";
			developmentRegion = en;
			hasScannedForEncodings = 0;
			knownRegions = (
				en,
				Base,
			);
			mainGroup = BB00091F21F31AF0007F37C7;
			productRefGroup = BB00092921F31AF1007F37C7 /* Products */;
			projectDirPath = "";
			projectRoot = "";
			targets = (
				BB00092721F31AF1007F37C7 /* GLoginInfo */,
			);
		};
/* End PBXProject section */

/* Begin PBXResourcesBuildPhase section */
		BB00092621F31AF1007F37C7 /* Resources */ = {
			isa = PBXResourcesBuildPhase;
			buildActionMask = 2147483647;
			files = (
				BB00093621F31AF2007F37C7 /* LaunchScreen.storyboard in Resources */,
				BB00093321F31AF2007F37C7 /* Assets.xcassets in Resources */,
				BB00093121F31AF1007F37C7 /* Main.storyboard in Resources */,
			);
			runOnlyForDeploymentPostprocessing = 0;
		};
/* End PBXResourcesBuildPhase section */

/* Begin PBXSourcesBuildPhase section */
		BB00092421F31AF1007F37C7 /* Sources */ = {
			isa = PBXSourcesBuildPhase;
			buildActionMask = 2147483647;
			files = (
				BB00093E21F31E89007F37C7 /* LoginVC.swift in Sources */,
				BB00094021F31E92007F37C7 /* InfoVC.swift in Sources */,
				BB00092C21F31AF1007F37C7 /* AppDelegate.swift in Sources */,
				BB00094221F31F8E007F37C7 /* LoginInfo.swift in Sources */,
			);
			runOnlyForDeploymentPostprocessing = 0;
		};
/* End PBXSourcesBuildPhase section */

/* Begin PBXVariantGroup section */
		BB00092F21F31AF1007F37C7 /* Main.storyboard */ = {
			isa = PBXVariantGroup;
			children = (
				BB00093021F31AF1007F37C7 /* Base */,
			);
			name = Main.storyboard;
			sourceTree = "<group>";
		};
		BB00093421F31AF2007F37C7 /* LaunchScreen.storyboard */ = {
			isa = PBXVariantGroup;
			children = (
				BB00093521F31AF2007F37C7 /* Base */,
			);
			name = LaunchScreen.storyboard;
			sourceTree = "<group>";
		};
/* End PBXVariantGroup section */

/* Begin XCBuildConfiguration section */
		BB00093821F31AF2007F37C7 /* Debug */ = {
			isa = XCBuildConfiguration;
			buildSettings = {
				ALWAYS_SEARCH_USER_PATHS = NO;
				CLANG_ANALYZER_NONNULL = YES;
				CLANG_ANALYZER_NUMBER_OBJECT_CONVERSION = YES_AGGRESSIVE;
				CLANG_CXX_LANGUAGE_STANDARD = "gnu++14";
				CLANG_CXX_LIBRARY = "libc++";
				CLANG_ENABLE_MODULES = YES;
				CLANG_ENABLE_OBJC_ARC = YES;
				CLANG_ENABLE_OBJC_WEAK = YES;
				CLANG_WARN_BLOCK_CAPTURE_AUTORELEASING = YES;
				CLANG_WARN_BOOL_CONVERSION = YES;
				CLANG_WARN_COMMA = YES;
				CLANG_WARN_CONSTANT_CONVERSION = YES;
				CLANG_WARN_DEPRECATED_OBJC_IMPLEMENTATIONS = YES;
				CLANG_WARN_DIRECT_OBJC_ISA_USAGE = YES_ERROR;
				CLANG_WARN_DOCUMENTATION_COMMENTS = YES;
				CLANG_WARN_EMPTY_BODY = YES;
				CLANG_WARN_ENUM_CONVERSION = YES;
				CLANG_WARN_INFINITE_RECURSION = YES;
				CLANG_WARN_INT_CONVERSION = YES;
				CLANG_WARN_NON_LITERAL_NULL_CONVERSION = YES;
				CLANG_WARN_OBJC_IMPLICIT_RETAIN_SELF = YES;
				CLANG_WARN_OBJC_LITERAL_CONVERSION = YES;
				CLANG_WARN_OBJC_ROOT_CLASS = YES_ERROR;
				CLANG_WARN_RANGE_LOOP_ANALYSIS = YES;
				CLANG_WARN_STRICT_PROTOTYPES = YES;
				CLANG_WARN_SUSPICIOUS_MOVE = YES;
				CLANG_WARN_UNGUARDED_AVAILABILITY = YES_AGGRESSIVE;
				CLANG_WARN_UNREACHABLE_CODE = YES;
				CLANG_WARN__DUPLICATE_METHOD_MATCH = YES;
				CODE_SIGN_IDENTITY = "iPhone Developer";
				COPY_PHASE_STRIP = NO;
				DEBUG_INFORMATION_FORMAT = dwarf;
				ENABLE_STRICT_OBJC_MSGSEND = YES;
				ENABLE_TESTABILITY = YES;
				GCC_C_LANGUAGE_STANDARD = gnu11;
				GCC_DYNAMIC_NO_PIC = NO;
				GCC_NO_COMMON_BLOCKS = YES;
				GCC_OPTIMIZATION_LEVEL = 0;
				GCC_PREPROCESSOR_DEFINITIONS = (
					"DEBUG=1",
					"$(inherited)",
				);
				GCC_WARN_64_TO_32_BIT_CONVERSION = YES;
				GCC_WARN_ABOUT_RETURN_TYPE = YES_ERROR;
				GCC_WARN_UNDECLARED_SELECTOR = YES;
				GCC_WARN_UNINITIALIZED_AUTOS = YES_AGGRESSIVE;
				GCC_WARN_UNUSED_FUNCTION = YES;
				GCC_WARN_UNUSED_VARIABLE = YES;
				IPHONEOS_DEPLOYMENT_TARGET = 12.1;
				MTL_ENABLE_DEBUG_INFO = INCLUDE_SOURCE;
				MTL_FAST_MATH = YES;
				ONLY_ACTIVE_ARCH = YES;
				SDKROOT = iphoneos;
				SWIFT_ACTIVE_COMPILATION_CONDITIONS = DEBUG;
				SWIFT_OPTIMIZATION_LEVEL = "-Onone";
			};
			name = Debug;
		};
		BB00093921F31AF2007F37C7 /* Release */ = {
			isa = XCBuildConfiguration;
			buildSettings = {
				ALWAYS_SEARCH_USER_PATHS = NO;
				CLANG_ANALYZER_NONNULL = YES;
				CLANG_ANALYZER_NUMBER_OBJECT_CONVERSION = YES_AGGRESSIVE;
				CLANG_CXX_LANGUAGE_STANDARD = "gnu++14";
				CLANG_CXX_LIBRARY = "libc++";
				CLANG_ENABLE_MODULES = YES;
				CLANG_ENABLE_OBJC_ARC = YES;
				CLANG_ENABLE_OBJC_WEAK = YES;
				CLANG_WARN_BLOCK_CAPTURE_AUTORELEASING = YES;
				CLANG_WARN_BOOL_CONVERSION = YES;
				CLANG_WARN_COMMA = YES;
				CLANG_WARN_CONSTANT_CONVERSION = YES;
				CLANG_WARN_DEPRECATED_OBJC_IMPLEMENTATIONS = YES;
				CLANG_WARN_DIRECT_OBJC_ISA_USAGE = YES_ERROR;
				CLANG_WARN_DOCUMENTATION_COMMENTS = YES;
				CLANG_WARN_EMPTY_BODY = YES;
				CLANG_WARN_ENUM_CONVERSION = YES;
				CLANG_WARN_INFINITE_RECURSION = YES;
				CLANG_WARN_INT_CONVERSION = YES;
				CLANG_WARN_NON_LITERAL_NULL_CONVERSION = YES;
				CLANG_WARN_OBJC_IMPLICIT_RETAIN_SELF = YES;
				CLANG_WARN_OBJC_LITERAL_CONVERSION = YES;
				CLANG_WARN_OBJC_ROOT_CLASS = YES_ERROR;
				CLANG_WARN_RANGE_LOOP_ANALYSIS = YES;
				CLANG_WARN_STRICT_PROTOTYPES = YES;
				CLANG_WARN_SUSPICIOUS_MOVE = YES;
				CLANG_WARN_UNGUARDED_AVAILABILITY = YES_AGGRESSIVE;
				CLANG_WARN_UNREACHABLE_CODE = YES;
				CLANG_WARN__DUPLICATE_METHOD_MATCH = YES;
				CODE_SIGN_IDENTITY = "iPhone Developer";
				COPY_PHASE_STRIP = NO;
				DEBUG_INFORMATION_FORMAT = "dwarf-with-dsym";
				ENABLE_NS_ASSERTIONS = NO;
				ENABLE_STRICT_OBJC_MSGSEND = YES;
				GCC_C_LANGUAGE_STANDARD = gnu11;
				GCC_NO_COMMON_BLOCKS = YES;
				GCC_WARN_64_TO_32_BIT_CONVERSION = YES;
				GCC_WARN_ABOUT_RETURN_TYPE = YES_ERROR;
				GCC_WARN_UNDECLARED_SELECTOR = YES;
				GCC_WARN_UNINITIALIZED_AUTOS = YES_AGGRESSIVE;
				GCC_WARN_UNUSED_FUNCTION = YES;
				GCC_WARN_UNUSED_VARIABLE = YES;
				IPHONEOS_DEPLOYMENT_TARGET = 12.1;
				MTL_ENABLE_DEBUG_INFO = NO;
				MTL_FAST_MATH = YES;
				SDKROOT = iphoneos;
				SWIFT_COMPILATION_MODE = wholemodule;
				SWIFT_OPTIMIZATION_LEVEL = "-O";
				VALIDATE_PRODUCT = YES;
			};
			name = Release;
		};
		BB00093B21F31AF2007F37C7 /* Debug */ = {
			isa = XCBuildConfiguration;
			buildSettings = {
				ASSETCATALOG_COMPILER_APPICON_NAME = AppIcon;
				CODE_SIGN_STYLE = Automatic;
				DEVELOPMENT_TEAM = 8M6N9923S8;
				INFOPLIST_FILE = GLoginInfo/Info.plist;
				LD_RUNPATH_SEARCH_PATHS = (
					"$(inherited)",
					"@executable_path/Frameworks",
				);
				PRODUCT_BUNDLE_IDENTIFIER = proj.gunw.GLoginInfo;
				PRODUCT_NAME = "$(TARGET_NAME)";
				SWIFT_VERSION = 4.2;
				TARGETED_DEVICE_FAMILY = "1,2";
			};
			name = Debug;
		};
		BB00093C21F31AF2007F37C7 /* Release */ = {
			isa = XCBuildConfiguration;
			buildSettings = {
				ASSETCATALOG_COMPILER_APPICON_NAME = AppIcon;
				CODE_SIGN_STYLE = Automatic;
				DEVELOPMENT_TEAM = 8M6N9923S8;
				INFOPLIST_FILE = GLoginInfo/Info.plist;
				LD_RUNPATH_SEARCH_PATHS = (
					"$(inherited)",
					"@executable_path/Frameworks",
				);
				PRODUCT_BUNDLE_IDENTIFIER = proj.gunw.GLoginInfo;
				PRODUCT_NAME = "$(TARGET_NAME)";
				SWIFT_VERSION = 4.2;
				TARGETED_DEVICE_FAMILY = "1,2";
			};
			name = Release;
		};
/* End XCBuildConfiguration section */

/* Begin XCConfigurationList section */
		BB00092321F31AF1007F37C7 /* Build configuration list for PBXProject "GLoginInfo" */ = {
			isa = XCConfigurationList;
			buildConfigurations = (
				BB00093821F31AF2007F37C7 /* Debug */,
				BB00093921F31AF2007F37C7 /* Release */,
			);
			defaultConfigurationIsVisible = 0;
			defaultConfigurationName = Release;
		};
		BB00093A21F31AF2007F37C7 /* Build configuration list for PBXNativeTarget "GLoginInfo" */ = {
			isa = XCConfigurationList;
			buildConfigurations = (
				BB00093B21F31AF2007F37C7 /* Debug */,
				BB00093C21F31AF2007F37C7 /* Release */,
			);
			defaultConfigurationIsVisible = 0;
			defaultConfigurationName = Release;
		};
/* End XCConfigurationList section */
	};
	rootObject = BB00092021F31AF1007F37C7 /* Project object */;
}
